
Microsoft Visual Studio Solution File, Format Version 12.00
# Visual Studio Version 16
VisualStudioVersion = 16.0.33927.289
MinimumVisualStudioVersion = 10.0.40219.1
Project("{2150E333-8FDC-42A3-9474-1A3956D46DE8}") = "Task0", "Task0", "{ACA830B5-9CCA-4E72-A0F7-FEC28DC042C8}"
EndProject
Project("{FAE04EC0-301F-11D3-BF4B-00C04F79EFBC}") = "Tyuiu.ShpilevayaAS.Sprint1.Task0.V4", "Tyuiu.ShpilevayaAS.Sprint1.Task0.V4\Tyuiu.ShpilevayaAS.Sprint1.Task0.V4.csproj", "{F50CF5F9-D3AA-4864-8997-E63A279DA826}"
EndProject
Project("{FAE04EC0-301F-11D3-BF4B-00C04F79EFBC}") = "Tyuiu.ShpilevayaAS.Sprint1.Task0.V4.Lib", "Tyuiu.ShpilevayaAS.Sprint1.Task0.V4.Lib\Tyuiu.ShpilevayaAS.Sprint1.Task0.V4.Lib.csproj", "{F3DACD77-923C-4035-B67B-CEA2D083A4FF}"
EndProject
Project("{FAE04EC0-301F-11D3-BF4B-00C04F79EFBC}") = "Tyuiu.ShpilevayaAS.Sprint1.Task0.V4.Test", "Tyuiu.ShpilevayaAS.Sprint1.Task0.V4.Test\Tyuiu.ShpilevayaAS.Sprint1.Task0.V4.Test.csproj", "{C0369091-71AB-4B9A-92DE-941E54D15FAC}"
EndProject
Project("{2150E333-8FDC-42A3-9474-1A3956D46DE8}") = "Task1", "Task1", "{B4A8E3B2-6393-4269-AC5E-83459296FC05}"
EndProject
Project("{FAE04EC0-301F-11D3-BF4B-00C04F79EFBC}") = "Tyuiu.ShpilevayaAS.Sprint1.Task1.V6", "Tyuiu.ShpilevayaAS.Sprint1.Task1\Tyuiu.ShpilevayaAS.Sprint1.Task1.V6.csproj", "{78A6197B-AB31-4E2A-9B5D-D797F9A9F74B}"
EndProject
Project("{FAE04EC0-301F-11D3-BF4B-00C04F79EFBC}") = "Tyuiu.ShpilevayaAS.Sprint1.Task1.V6.Lib", "Tyuiu.ShpilevayaAS.Sprint1.Task1.V6.Lib\Tyuiu.ShpilevayaAS.Sprint1.Task1.V6.Lib.csproj", "{254E36DA-87E8-4C84-BB17-8048721B92C6}"
EndProject
Project("{FAE04EC0-301F-11D3-BF4B-00C04F79EFBC}") = "Tyuiu.ShpilevayaAS.Sprint1.Task1.V6.Test", "Tyuiu.ShpilevayaAS.Sprint1.Task1.V6.Test\Tyuiu.ShpilevayaAS.Sprint1.Task1.V6.Test.csproj", "{33F61743-6237-499B-BDD5-D78FCC0AE43B}"
EndProject
Global
	GlobalSection(SolutionConfigurationPlatforms) = preSolution
		Debug|Any CPU = Debug|Any CPU
		Release|Any CPU = Release|Any CPU
	EndGlobalSection
	GlobalSection(ProjectConfigurationPlatforms) = postSolution
		{F50CF5F9-D3AA-4864-8997-E63A279DA826}.Debug|Any CPU.ActiveCfg = Debug|Any CPU
		{F50CF5F9-D3AA-4864-8997-E63A279DA826}.Debug|Any CPU.Build.0 = Debug|Any CPU
		{F50CF5F9-D3AA-4864-8997-E63A279DA826}.Release|Any CPU.ActiveCfg = Release|Any CPU
		{F50CF5F9-D3AA-4864-8997-E63A279DA826}.Release|Any CPU.Build.0 = Release|Any CPU
		{F3DACD77-923C-4035-B67B-CEA2D083A4FF}.Debug|Any CPU.ActiveCfg = Debug|Any CPU
		{F3DACD77-923C-4035-B67B-CEA2D083A4FF}.Debug|Any CPU.Build.0 = Debug|Any CPU
		{F3DACD77-923C-4035-B67B-CEA2D083A4FF}.Release|Any CPU.ActiveCfg = Release|Any CPU
		{F3DACD77-923C-4035-B67B-CEA2D083A4FF}.Release|Any CPU.Build.0 = Release|Any CPU
		{C0369091-71AB-4B9A-92DE-941E54D15FAC}.Debug|Any CPU.ActiveCfg = Debug|Any CPU
		{C0369091-71AB-4B9A-92DE-941E54D15FAC}.Debug|Any CPU.Build.0 = Debug|Any CPU
		{C0369091-71AB-4B9A-92DE-941E54D15FAC}.Release|Any CPU.ActiveCfg = Release|Any CPU
		{C0369091-71AB-4B9A-92DE-941E54D15FAC}.Release|Any CPU.Build.0 = Release|Any CPU
		{78A6197B-AB31-4E2A-9B5D-D797F9A9F74B}.Debug|Any CPU.ActiveCfg = Debug|Any CPU
		{78A6197B-AB31-4E2A-9B5D-D797F9A9F74B}.Debug|Any CPU.Build.0 = Debug|Any CPU
		{78A6197B-AB31-4E2A-9B5D-D797F9A9F74B}.Release|Any CPU.ActiveCfg = Release|Any CPU
		{78A6197B-AB31-4E2A-9B5D-D797F9A9F74B}.Release|Any CPU.Build.0 = Release|Any CPU
		{254E36DA-87E8-4C84-BB17-8048721B92C6}.Debug|Any CPU.ActiveCfg = Debug|Any CPU
		{254E36DA-87E8-4C84-BB17-8048721B92C6}.Debug|Any CPU.Build.0 = Debug|Any CPU
		{254E36DA-87E8-4C84-BB17-8048721B92C6}.Release|Any CPU.ActiveCfg = Release|Any CPU
		{254E36DA-87E8-4C84-BB17-8048721B92C6}.Release|Any CPU.Build.0 = Release|Any CPU
		{33F61743-6237-499B-BDD5-D78FCC0AE43B}.Debug|Any CPU.ActiveCfg = Debug|Any CPU
		{33F61743-6237-499B-BDD5-D78FCC0AE43B}.Debug|Any CPU.Build.0 = Debug|Any CPU
		{33F61743-6237-499B-BDD5-D78FCC0AE43B}.Release|Any CPU.ActiveCfg = Release|Any CPU
		{33F61743-6237-499B-BDD5-D78FCC0AE43B}.Release|Any CPU.Build.0 = Release|Any CPU
	EndGlobalSection
	GlobalSection(SolutionProperties) = preSolution
		HideSolutionNode = FALSE
	EndGlobalSection
	GlobalSection(NestedProjects) = preSolution
		{F50CF5F9-D3AA-4864-8997-E63A279DA826} = {ACA830B5-9CCA-4E72-A0F7-FEC28DC042C8}
		{F3DACD77-923C-4035-B67B-CEA2D083A4FF} = {ACA830B5-9CCA-4E72-A0F7-FEC28DC042C8}
		{C0369091-71AB-4B9A-92DE-941E54D15FAC} = {ACA830B5-9CCA-4E72-A0F7-FEC28DC042C8}
		{78A6197B-AB31-4E2A-9B5D-D797F9A9F74B} = {B4A8E3B2-6393-4269-AC5E-83459296FC05}
		{254E36DA-87E8-4C84-BB17-8048721B92C6} = {B4A8E3B2-6393-4269-AC5E-83459296FC05}
		{33F61743-6237-499B-BDD5-D78FCC0AE43B} = {B4A8E3B2-6393-4269-AC5E-83459296FC05}
	EndGlobalSection
	GlobalSection(ExtensibilityGlobals) = postSolution
		SolutionGuid = {FE115D80-A906-4056-9B30-E92E82FF909C}
	EndGlobalSection
EndGlobal
