
Microsoft Visual Studio Solution File, Format Version 12.00
# Visual Studio Version 16
VisualStudioVersion = 16.0.33927.289
MinimumVisualStudioVersion = 10.0.40219.1
Project("{2150E333-8FDC-42A3-9474-1A3956D46DE8}") = "Task0", "Task0", "{ACA830B5-9CCA-4E72-A0F7-FEC28DC042C8}"
EndProject
Project("{FAE04EC0-301F-11D3-BF4B-00C04F79EFBC}") = "Tyuiu.ShpilevayaAS.Sprint1.Task0.V4", "Tyuiu.ShpilevayaAS.Sprint1.Task0.V4\Tyuiu.ShpilevayaAS.Sprint1.Task0.V4.csproj", "{F50CF5F9-D3AA-4864-8997-E63A279DA826}"
EndProject
Project("{FAE04EC0-301F-11D3-BF4B-00C04F79EFBC}") = "Tyuiu.ShpilevayaAS.Sprint1.Task0.V4.Lib", "Tyuiu.ShpilevayaAS.Sprint1.Task0.V4.Lib\Tyuiu.ShpilevayaAS.Sprint1.Task0.V4.Lib.csproj", "{F3DACD77-923C-4035-B67B-CEA2D083A4FF}"
EndProject
Project("{FAE04EC0-301F-11D3-BF4B-00C04F79EFBC}") = "Tyuiu.ShpilevayaAS.Sprint1.Task0.V4.Test", "Tyuiu.ShpilevayaAS.Sprint1.Task0.V4.Test\Tyuiu.ShpilevayaAS.Sprint1.Task0.V4.Test.csproj", "{C0369091-71AB-4B9A-92DE-941E54D15FAC}"
EndProject
Project("{2150E333-8FDC-42A3-9474-1A3956D46DE8}") = "Task1", "Task1", "{B4A8E3B2-6393-4269-AC5E-83459296FC05}"
EndProject
Project("{FAE04EC0-301F-11D3-BF4B-00C04F79EFBC}") = "Tyuiu.ShpilevayaAS.Sprint1.Task1.V6", "Tyuiu.ShpilevayaAS.Sprint1.Task1\Tyuiu.ShpilevayaAS.Sprint1.Task1.V6.csproj", "{78A6197B-AB31-4E2A-9B5D-D797F9A9F74B}"
EndProject
Project("{FAE04EC0-301F-11D3-BF4B-00C04F79EFBC}") = "Tyuiu.ShpilevayaAS.Sprint1.Task1.V6.Lib", "Tyuiu.ShpilevayaAS.Sprint1.Task1.V6.Lib\Tyuiu.ShpilevayaAS.Sprint1.Task1.V6.Lib.csproj", "{254E36DA-87E8-4C84-BB17-8048721B92C6}"
EndProject
Project("{FAE04EC0-301F-11D3-BF4B-00C04F79EFBC}") = "Tyuiu.ShpilevayaAS.Sprint1.Task1.V6.Test", "Tyuiu.ShpilevayaAS.Sprint1.Task1.V6.Test\Tyuiu.ShpilevayaAS.Sprint1.Task1.V6.Test.csproj", "{33F61743-6237-499B-BDD5-D78FCC0AE43B}"
EndProject
Project("{2150E333-8FDC-42A3-9474-1A3956D46DE8}") = "Task2", "Task2", "{C7F29902-642D-4BE7-83E4-C31092793858}"
EndProject
Project("{FAE04EC0-301F-11D3-BF4B-00C04F79EFBC}") = "Tyuiu.ShpilevayaAS.Sprint1.Task2.V25", "Tyuiu.ShpilevayaAS.Sprint1.Task2.V25\Tyuiu.ShpilevayaAS.Sprint1.Task2.V25.csproj", "{AD227700-52BE-43CC-B4F2-B430FF626E31}"
EndProject
Project("{FAE04EC0-301F-11D3-BF4B-00C04F79EFBC}") = "Tyuiu.ShpilevayaAS.Sprint1.Task2.V25.Lib", "Tyuiu.ShpilevayaAS.Sprint1.Task2.V25.Lib\Tyuiu.ShpilevayaAS.Sprint1.Task2.V25.Lib.csproj", "{B54F3E2C-9055-4EBE-B001-240D8B4E408A}"
EndProject
Project("{FAE04EC0-301F-11D3-BF4B-00C04F79EFBC}") = "Tyuiu.ShpilevayaAS.Sprint1.Task2.V25.Test", "Tyuiu.ShpilevayaAS.Sprint1.Task2.V25.Test\Tyuiu.ShpilevayaAS.Sprint1.Task2.V25.Test.csproj", "{3E10ACF5-0323-415E-BD66-426E5636A33B}"
EndProject
Project("{2150E333-8FDC-42A3-9474-1A3956D46DE8}") = "Task3", "Task3", "{3C45544A-D904-4B62-8B83-A89622242F38}"
EndProject
Project("{FAE04EC0-301F-11D3-BF4B-00C04F79EFBC}") = "Tyuiu.ShpilevayaAS.Sprint1.Task3.V17", "Tyuiu.ShpilevayaAS.Sprint1.Task3.V17\Tyuiu.ShpilevayaAS.Sprint1.Task3.V17.csproj", "{12828A27-8851-4613-B660-CB2BAEC6E95D}"
EndProject
Project("{FAE04EC0-301F-11D3-BF4B-00C04F79EFBC}") = "Tyuiu.ShpilevayaAS.Sprint1.Task3.V17.Lib", "Tyuiu.ShpilevayaAS.Sprint1.Task3.V17.Lib\Tyuiu.ShpilevayaAS.Sprint1.Task3.V17.Lib.csproj", "{3FD45E65-3DBE-46B6-A356-6D292C4AC7CE}"
EndProject
Project("{FAE04EC0-301F-11D3-BF4B-00C04F79EFBC}") = "Tyuiu.ShpilevayaAS.Sprint1.Task3.V17.Test", "Tyuiu.ShpilevayaAS.Sprint1.Task3.V17.Test\Tyuiu.ShpilevayaAS.Sprint1.Task3.V17.Test.csproj", "{A19BBB2B-127B-45A6-B226-CDD42647181C}"
EndProject
Project("{2150E333-8FDC-42A3-9474-1A3956D46DE8}") = "Task4", "Task4", "{A2C7D43A-66F4-42B8-9105-EBA7FD753201}"
EndProject
Project("{FAE04EC0-301F-11D3-BF4B-00C04F79EFBC}") = "Tyuiu.ShpilevayaAS.Sprint1.Task4.V27", "Tyuiu.ShpilevayaAS.Sprint1.Task4.V27\Tyuiu.ShpilevayaAS.Sprint1.Task4.V27.csproj", "{0E9394AF-628A-4601-B88A-81811D518AFA}"
EndProject
Project("{FAE04EC0-301F-11D3-BF4B-00C04F79EFBC}") = "Tyuiu.ShpilevayaAS.Sprint1.Task4.V27.Lib", "Tyuiu.ShpilevayaAS.Sprint1.Task4.V27.Lib\Tyuiu.ShpilevayaAS.Sprint1.Task4.V27.Lib.csproj", "{0F10642B-5DB2-4425-969F-EA8613A0F1D9}"
EndProject
Project("{FAE04EC0-301F-11D3-BF4B-00C04F79EFBC}") = "Tyuiu.ShpilevayaAS.Sprint1.Task4.V27.Test", "Tyuiu.ShpilevayaAS.Sprint1.Task4.V27.Test\Tyuiu.ShpilevayaAS.Sprint1.Task4.V27.Test.csproj", "{37238FF0-F7BC-4FE3-8701-67815E819100}"
EndProject
Project("{2150E333-8FDC-42A3-9474-1A3956D46DE8}") = "Task5", "Task5", "{1A0A3750-C55A-4496-9683-E5EC7A0D8D4D}"
EndProject
Project("{FAE04EC0-301F-11D3-BF4B-00C04F79EFBC}") = "Tyuiu.ShpilevayaAS.Sprint1.Task5.V5", "Tyuiu.ShpilevayaAS.Sprint1.Task5.V5\Tyuiu.ShpilevayaAS.Sprint1.Task5.V5.csproj", "{224864CE-27BE-4716-8F9C-9CAFF1082D83}"
EndProject
Project("{FAE04EC0-301F-11D3-BF4B-00C04F79EFBC}") = "Tyuiu.ShpilevayaAS.Sprint1.Task5.V5.Lib", "Tyuiu.ShpilevayaAS.Sprint1.Task5.V5.Lib\Tyuiu.ShpilevayaAS.Sprint1.Task5.V5.Lib.csproj", "{4EE971D9-F3A1-44B1-9593-2B3E9AC8A8AF}"
EndProject
Project("{FAE04EC0-301F-11D3-BF4B-00C04F79EFBC}") = "Tyuiu.ShpilevayaAS.Sprint1.Task5.V5.Test", "Tyuiu.ShpilevayaAS.Sprint1.Task5.V5.Test\Tyuiu.ShpilevayaAS.Sprint1.Task5.V5.Test.csproj", "{CBC9A6AE-D8AD-4A93-B799-1886B4FD0D9D}"
EndProject
Project("{2150E333-8FDC-42A3-9474-1A3956D46DE8}") = "Task6", "Task6", "{2B895DAF-7B6C-4205-A44B-0730D9FF0AF3}"
EndProject
Project("{FAE04EC0-301F-11D3-BF4B-00C04F79EFBC}") = "Tyuiu.ShpilevayaAS.Sprint1.Task6.V10", "Tyuiu.ShpilevayaAS.Sprint1.Task6.V10\Tyuiu.ShpilevayaAS.Sprint1.Task6.V10.csproj", "{D6FB2CF8-65AC-4A2B-A152-1E1D1B6BA7F6}"
EndProject
Project("{FAE04EC0-301F-11D3-BF4B-00C04F79EFBC}") = "Tyuiu.ShpilevayaAS.Sprint1.Task6.V10.Lib", "Tyuiu.ShpilevayaAS.Sprint1.Task6.V10.Lib\Tyuiu.ShpilevayaAS.Sprint1.Task6.V10.Lib.csproj", "{5E0BAE20-8124-4B5D-A528-876BA2EACC20}"
EndProject
Project("{FAE04EC0-301F-11D3-BF4B-00C04F79EFBC}") = "Tyuiu.ShpilevayaAS.Sprint1.Task6.V10.Test", "Tyuiu.ShpilevayaAS.Sprint1.Task6.V10.Test\Tyuiu.ShpilevayaAS.Sprint1.Task6.V10.Test.csproj", "{18B4003F-26EB-4358-AFDE-FAC2FED2A544}"
EndProject
Project("{2150E333-8FDC-42A3-9474-1A3956D46DE8}") = "Task7", "Task7", "{C5B7848E-E683-4B49-B70F-9BAF23D70E1E}"
EndProject
Project("{FAE04EC0-301F-11D3-BF4B-00C04F79EFBC}") = "Tyuiu.ShpilevayaAS.Sprint1.Task7.V30", "Tyuiu.ShpilevayaAS.Sprint1.Task7.V30\Tyuiu.ShpilevayaAS.Sprint1.Task7.V30.csproj", "{378653CA-5F17-4D9A-AA7F-E90145F92C7C}"
EndProject
Project("{FAE04EC0-301F-11D3-BF4B-00C04F79EFBC}") = "Tyuiu.ShpilevayaAS.Sprint1.Task7.V30.Lib", "Tyuiu.ShpilevayaAS.Sprint1.Task7.V30.Lib\Tyuiu.ShpilevayaAS.Sprint1.Task7.V30.Lib.csproj", "{211DB109-56B8-43BC-B983-DDB94267B19C}"
EndProject
Project("{FAE04EC0-301F-11D3-BF4B-00C04F79EFBC}") = "Tyuiu.ShpilevayaAS.Sprint1.Task7.V30.Test", "Tyuiu.ShpilevayaAS.Sprint1.Task7.V30.Test\Tyuiu.ShpilevayaAS.Sprint1.Task7.V30.Test.csproj", "{9369938E-9C51-4A36-8459-E692F7A4AFE2}"
EndProject
Global
	GlobalSection(SolutionConfigurationPlatforms) = preSolution
		Debug|Any CPU = Debug|Any CPU
		Release|Any CPU = Release|Any CPU
	EndGlobalSection
	GlobalSection(ProjectConfigurationPlatforms) = postSolution
		{F50CF5F9-D3AA-4864-8997-E63A279DA826}.Debug|Any CPU.ActiveCfg = Debug|Any CPU
		{F50CF5F9-D3AA-4864-8997-E63A279DA826}.Debug|Any CPU.Build.0 = Debug|Any CPU
		{F50CF5F9-D3AA-4864-8997-E63A279DA826}.Release|Any CPU.ActiveCfg = Release|Any CPU
		{F50CF5F9-D3AA-4864-8997-E63A279DA826}.Release|Any CPU.Build.0 = Release|Any CPU
		{F3DACD77-923C-4035-B67B-CEA2D083A4FF}.Debug|Any CPU.ActiveCfg = Debug|Any CPU
		{F3DACD77-923C-4035-B67B-CEA2D083A4FF}.Debug|Any CPU.Build.0 = Debug|Any CPU
		{F3DACD77-923C-4035-B67B-CEA2D083A4FF}.Release|Any CPU.ActiveCfg = Release|Any CPU
		{F3DACD77-923C-4035-B67B-CEA2D083A4FF}.Release|Any CPU.Build.0 = Release|Any CPU
		{C0369091-71AB-4B9A-92DE-941E54D15FAC}.Debug|Any CPU.ActiveCfg = Debug|Any CPU
		{C0369091-71AB-4B9A-92DE-941E54D15FAC}.Debug|Any CPU.Build.0 = Debug|Any CPU
		{C0369091-71AB-4B9A-92DE-941E54D15FAC}.Release|Any CPU.ActiveCfg = Release|Any CPU
		{C0369091-71AB-4B9A-92DE-941E54D15FAC}.Release|Any CPU.Build.0 = Release|Any CPU
		{78A6197B-AB31-4E2A-9B5D-D797F9A9F74B}.Debug|Any CPU.ActiveCfg = Debug|Any CPU
		{78A6197B-AB31-4E2A-9B5D-D797F9A9F74B}.Debug|Any CPU.Build.0 = Debug|Any CPU
		{78A6197B-AB31-4E2A-9B5D-D797F9A9F74B}.Release|Any CPU.ActiveCfg = Release|Any CPU
		{78A6197B-AB31-4E2A-9B5D-D797F9A9F74B}.Release|Any CPU.Build.0 = Release|Any CPU
		{254E36DA-87E8-4C84-BB17-8048721B92C6}.Debug|Any CPU.ActiveCfg = Debug|Any CPU
		{254E36DA-87E8-4C84-BB17-8048721B92C6}.Debug|Any CPU.Build.0 = Debug|Any CPU
		{254E36DA-87E8-4C84-BB17-8048721B92C6}.Release|Any CPU.ActiveCfg = Release|Any CPU
		{254E36DA-87E8-4C84-BB17-8048721B92C6}.Release|Any CPU.Build.0 = Release|Any CPU
		{33F61743-6237-499B-BDD5-D78FCC0AE43B}.Debug|Any CPU.ActiveCfg = Debug|Any CPU
		{33F61743-6237-499B-BDD5-D78FCC0AE43B}.Debug|Any CPU.Build.0 = Debug|Any CPU
		{33F61743-6237-499B-BDD5-D78FCC0AE43B}.Release|Any CPU.ActiveCfg = Release|Any CPU
		{33F61743-6237-499B-BDD5-D78FCC0AE43B}.Release|Any CPU.Build.0 = Release|Any CPU
		{AD227700-52BE-43CC-B4F2-B430FF626E31}.Debug|Any CPU.ActiveCfg = Debug|Any CPU
		{AD227700-52BE-43CC-B4F2-B430FF626E31}.Debug|Any CPU.Build.0 = Debug|Any CPU
		{AD227700-52BE-43CC-B4F2-B430FF626E31}.Release|Any CPU.ActiveCfg = Release|Any CPU
		{AD227700-52BE-43CC-B4F2-B430FF626E31}.Release|Any CPU.Build.0 = Release|Any CPU
		{B54F3E2C-9055-4EBE-B001-240D8B4E408A}.Debug|Any CPU.ActiveCfg = Debug|Any CPU
		{B54F3E2C-9055-4EBE-B001-240D8B4E408A}.Debug|Any CPU.Build.0 = Debug|Any CPU
		{B54F3E2C-9055-4EBE-B001-240D8B4E408A}.Release|Any CPU.ActiveCfg = Release|Any CPU
		{B54F3E2C-9055-4EBE-B001-240D8B4E408A}.Release|Any CPU.Build.0 = Release|Any CPU
		{3E10ACF5-0323-415E-BD66-426E5636A33B}.Debug|Any CPU.ActiveCfg = Debug|Any CPU
		{3E10ACF5-0323-415E-BD66-426E5636A33B}.Debug|Any CPU.Build.0 = Debug|Any CPU
		{3E10ACF5-0323-415E-BD66-426E5636A33B}.Release|Any CPU.ActiveCfg = Release|Any CPU
		{3E10ACF5-0323-415E-BD66-426E5636A33B}.Release|Any CPU.Build.0 = Release|Any CPU
		{12828A27-8851-4613-B660-CB2BAEC6E95D}.Debug|Any CPU.ActiveCfg = Debug|Any CPU
		{12828A27-8851-4613-B660-CB2BAEC6E95D}.Debug|Any CPU.Build.0 = Debug|Any CPU
		{12828A27-8851-4613-B660-CB2BAEC6E95D}.Release|Any CPU.ActiveCfg = Release|Any CPU
		{12828A27-8851-4613-B660-CB2BAEC6E95D}.Release|Any CPU.Build.0 = Release|Any CPU
		{3FD45E65-3DBE-46B6-A356-6D292C4AC7CE}.Debug|Any CPU.ActiveCfg = Debug|Any CPU
		{3FD45E65-3DBE-46B6-A356-6D292C4AC7CE}.Debug|Any CPU.Build.0 = Debug|Any CPU
		{3FD45E65-3DBE-46B6-A356-6D292C4AC7CE}.Release|Any CPU.ActiveCfg = Release|Any CPU
		{3FD45E65-3DBE-46B6-A356-6D292C4AC7CE}.Release|Any CPU.Build.0 = Release|Any CPU
		{A19BBB2B-127B-45A6-B226-CDD42647181C}.Debug|Any CPU.ActiveCfg = Debug|Any CPU
		{A19BBB2B-127B-45A6-B226-CDD42647181C}.Debug|Any CPU.Build.0 = Debug|Any CPU
		{A19BBB2B-127B-45A6-B226-CDD42647181C}.Release|Any CPU.ActiveCfg = Release|Any CPU
		{A19BBB2B-127B-45A6-B226-CDD42647181C}.Release|Any CPU.Build.0 = Release|Any CPU
		{0E9394AF-628A-4601-B88A-81811D518AFA}.Debug|Any CPU.ActiveCfg = Debug|Any CPU
		{0E9394AF-628A-4601-B88A-81811D518AFA}.Debug|Any CPU.Build.0 = Debug|Any CPU
		{0E9394AF-628A-4601-B88A-81811D518AFA}.Release|Any CPU.ActiveCfg = Release|Any CPU
		{0E9394AF-628A-4601-B88A-81811D518AFA}.Release|Any CPU.Build.0 = Release|Any CPU
		{0F10642B-5DB2-4425-969F-EA8613A0F1D9}.Debug|Any CPU.ActiveCfg = Debug|Any CPU
		{0F10642B-5DB2-4425-969F-EA8613A0F1D9}.Debug|Any CPU.Build.0 = Debug|Any CPU
		{0F10642B-5DB2-4425-969F-EA8613A0F1D9}.Release|Any CPU.ActiveCfg = Release|Any CPU
		{0F10642B-5DB2-4425-969F-EA8613A0F1D9}.Release|Any CPU.Build.0 = Release|Any CPU
		{37238FF0-F7BC-4FE3-8701-67815E819100}.Debug|Any CPU.ActiveCfg = Debug|Any CPU
		{37238FF0-F7BC-4FE3-8701-67815E819100}.Debug|Any CPU.Build.0 = Debug|Any CPU
		{37238FF0-F7BC-4FE3-8701-67815E819100}.Release|Any CPU.ActiveCfg = Release|Any CPU
		{37238FF0-F7BC-4FE3-8701-67815E819100}.Release|Any CPU.Build.0 = Release|Any CPU
		{224864CE-27BE-4716-8F9C-9CAFF1082D83}.Debug|Any CPU.ActiveCfg = Debug|Any CPU
		{224864CE-27BE-4716-8F9C-9CAFF1082D83}.Debug|Any CPU.Build.0 = Debug|Any CPU
		{224864CE-27BE-4716-8F9C-9CAFF1082D83}.Release|Any CPU.ActiveCfg = Release|Any CPU
		{224864CE-27BE-4716-8F9C-9CAFF1082D83}.Release|Any CPU.Build.0 = Release|Any CPU
		{4EE971D9-F3A1-44B1-9593-2B3E9AC8A8AF}.Debug|Any CPU.ActiveCfg = Debug|Any CPU
		{4EE971D9-F3A1-44B1-9593-2B3E9AC8A8AF}.Debug|Any CPU.Build.0 = Debug|Any CPU
		{4EE971D9-F3A1-44B1-9593-2B3E9AC8A8AF}.Release|Any CPU.ActiveCfg = Release|Any CPU
		{4EE971D9-F3A1-44B1-9593-2B3E9AC8A8AF}.Release|Any CPU.Build.0 = Release|Any CPU
		{CBC9A6AE-D8AD-4A93-B799-1886B4FD0D9D}.Debug|Any CPU.ActiveCfg = Debug|Any CPU
		{CBC9A6AE-D8AD-4A93-B799-1886B4FD0D9D}.Debug|Any CPU.Build.0 = Debug|Any CPU
		{CBC9A6AE-D8AD-4A93-B799-1886B4FD0D9D}.Release|Any CPU.ActiveCfg = Release|Any CPU
		{CBC9A6AE-D8AD-4A93-B799-1886B4FD0D9D}.Release|Any CPU.Build.0 = Release|Any CPU
		{D6FB2CF8-65AC-4A2B-A152-1E1D1B6BA7F6}.Debug|Any CPU.ActiveCfg = Debug|Any CPU
		{D6FB2CF8-65AC-4A2B-A152-1E1D1B6BA7F6}.Debug|Any CPU.Build.0 = Debug|Any CPU
		{D6FB2CF8-65AC-4A2B-A152-1E1D1B6BA7F6}.Release|Any CPU.ActiveCfg = Release|Any CPU
		{D6FB2CF8-65AC-4A2B-A152-1E1D1B6BA7F6}.Release|Any CPU.Build.0 = Release|Any CPU
		{5E0BAE20-8124-4B5D-A528-876BA2EACC20}.Debug|Any CPU.ActiveCfg = Debug|Any CPU
		{5E0BAE20-8124-4B5D-A528-876BA2EACC20}.Debug|Any CPU.Build.0 = Debug|Any CPU
		{5E0BAE20-8124-4B5D-A528-876BA2EACC20}.Release|Any CPU.ActiveCfg = Release|Any CPU
		{5E0BAE20-8124-4B5D-A528-876BA2EACC20}.Release|Any CPU.Build.0 = Release|Any CPU
		{18B4003F-26EB-4358-AFDE-FAC2FED2A544}.Debug|Any CPU.ActiveCfg = Debug|Any CPU
		{18B4003F-26EB-4358-AFDE-FAC2FED2A544}.Debug|Any CPU.Build.0 = Debug|Any CPU
		{18B4003F-26EB-4358-AFDE-FAC2FED2A544}.Release|Any CPU.ActiveCfg = Release|Any CPU
		{18B4003F-26EB-4358-AFDE-FAC2FED2A544}.Release|Any CPU.Build.0 = Release|Any CPU
		{378653CA-5F17-4D9A-AA7F-E90145F92C7C}.Debug|Any CPU.ActiveCfg = Debug|Any CPU
		{378653CA-5F17-4D9A-AA7F-E90145F92C7C}.Debug|Any CPU.Build.0 = Debug|Any CPU
		{378653CA-5F17-4D9A-AA7F-E90145F92C7C}.Release|Any CPU.ActiveCfg = Release|Any CPU
		{378653CA-5F17-4D9A-AA7F-E90145F92C7C}.Release|Any CPU.Build.0 = Release|Any CPU
		{211DB109-56B8-43BC-B983-DDB94267B19C}.Debug|Any CPU.ActiveCfg = Debug|Any CPU
		{211DB109-56B8-43BC-B983-DDB94267B19C}.Debug|Any CPU.Build.0 = Debug|Any CPU
		{211DB109-56B8-43BC-B983-DDB94267B19C}.Release|Any CPU.ActiveCfg = Release|Any CPU
		{211DB109-56B8-43BC-B983-DDB94267B19C}.Release|Any CPU.Build.0 = Release|Any CPU
		{9369938E-9C51-4A36-8459-E692F7A4AFE2}.Debug|Any CPU.ActiveCfg = Debug|Any CPU
		{9369938E-9C51-4A36-8459-E692F7A4AFE2}.Debug|Any CPU.Build.0 = Debug|Any CPU
		{9369938E-9C51-4A36-8459-E692F7A4AFE2}.Release|Any CPU.ActiveCfg = Release|Any CPU
		{9369938E-9C51-4A36-8459-E692F7A4AFE2}.Release|Any CPU.Build.0 = Release|Any CPU
	EndGlobalSection
	GlobalSection(SolutionProperties) = preSolution
		HideSolutionNode = FALSE
	EndGlobalSection
	GlobalSection(NestedProjects) = preSolution
		{F50CF5F9-D3AA-4864-8997-E63A279DA826} = {ACA830B5-9CCA-4E72-A0F7-FEC28DC042C8}
		{F3DACD77-923C-4035-B67B-CEA2D083A4FF} = {ACA830B5-9CCA-4E72-A0F7-FEC28DC042C8}
		{C0369091-71AB-4B9A-92DE-941E54D15FAC} = {ACA830B5-9CCA-4E72-A0F7-FEC28DC042C8}
		{78A6197B-AB31-4E2A-9B5D-D797F9A9F74B} = {B4A8E3B2-6393-4269-AC5E-83459296FC05}
		{254E36DA-87E8-4C84-BB17-8048721B92C6} = {B4A8E3B2-6393-4269-AC5E-83459296FC05}
		{33F61743-6237-499B-BDD5-D78FCC0AE43B} = {B4A8E3B2-6393-4269-AC5E-83459296FC05}
		{AD227700-52BE-43CC-B4F2-B430FF626E31} = {C7F29902-642D-4BE7-83E4-C31092793858}
		{B54F3E2C-9055-4EBE-B001-240D8B4E408A} = {C7F29902-642D-4BE7-83E4-C31092793858}
		{3E10ACF5-0323-415E-BD66-426E5636A33B} = {C7F29902-642D-4BE7-83E4-C31092793858}
		{12828A27-8851-4613-B660-CB2BAEC6E95D} = {3C45544A-D904-4B62-8B83-A89622242F38}
		{3FD45E65-3DBE-46B6-A356-6D292C4AC7CE} = {3C45544A-D904-4B62-8B83-A89622242F38}
		{A19BBB2B-127B-45A6-B226-CDD42647181C} = {3C45544A-D904-4B62-8B83-A89622242F38}
		{0E9394AF-628A-4601-B88A-81811D518AFA} = {A2C7D43A-66F4-42B8-9105-EBA7FD753201}
		{0F10642B-5DB2-4425-969F-EA8613A0F1D9} = {A2C7D43A-66F4-42B8-9105-EBA7FD753201}
		{37238FF0-F7BC-4FE3-8701-67815E819100} = {A2C7D43A-66F4-42B8-9105-EBA7FD753201}
		{224864CE-27BE-4716-8F9C-9CAFF1082D83} = {1A0A3750-C55A-4496-9683-E5EC7A0D8D4D}
		{4EE971D9-F3A1-44B1-9593-2B3E9AC8A8AF} = {1A0A3750-C55A-4496-9683-E5EC7A0D8D4D}
		{CBC9A6AE-D8AD-4A93-B799-1886B4FD0D9D} = {1A0A3750-C55A-4496-9683-E5EC7A0D8D4D}
		{D6FB2CF8-65AC-4A2B-A152-1E1D1B6BA7F6} = {2B895DAF-7B6C-4205-A44B-0730D9FF0AF3}
		{5E0BAE20-8124-4B5D-A528-876BA2EACC20} = {2B895DAF-7B6C-4205-A44B-0730D9FF0AF3}
		{18B4003F-26EB-4358-AFDE-FAC2FED2A544} = {2B895DAF-7B6C-4205-A44B-0730D9FF0AF3}
		{378653CA-5F17-4D9A-AA7F-E90145F92C7C} = {C5B7848E-E683-4B49-B70F-9BAF23D70E1E}
		{211DB109-56B8-43BC-B983-DDB94267B19C} = {C5B7848E-E683-4B49-B70F-9BAF23D70E1E}
		{9369938E-9C51-4A36-8459-E692F7A4AFE2} = {C5B7848E-E683-4B49-B70F-9BAF23D70E1E}
	EndGlobalSection
	GlobalSection(ExtensibilityGlobals) = postSolution
		SolutionGuid = {FE115D80-A906-4056-9B30-E92E82FF909C}
	EndGlobalSection
EndGlobal
